
Microsoft Visual Studio Solution File, Format Version 12.00
# Visual Studio Version 17
VisualStudioVersion = 17.0.31903.59
MinimumVisualStudioVersion = 10.0.40219.1
Project("{FAE04EC0-301F-11D3-BF4B-00C04F79EFBC}") = "API", "API\API.csproj", "{A4741481-5808-451C-8429-EDE2D827A108}"
EndProject
Project("{FAE04EC0-301F-11D3-BF4B-00C04F79EFBC}") = "Application", "Application\Application.csproj", "{7CED813F-0E26-4871-A206-0DA48059DA11}"
EndProject
Project("{FAE04EC0-301F-11D3-BF4B-00C04F79EFBC}") = "Domain", "Domain\Domain.csproj", "{EFEC53FA-5C05-4067-A19D-DB7BBA0C06AD}"
EndProject
Project("{FAE04EC0-301F-11D3-BF4B-00C04F79EFBC}") = "Persistence", "Persistence\Persistence.csproj", "{D9955CE0-4111-4DDA-AD39-2357CC2F6BA7}"
EndProject
Global
	GlobalSection(SolutionConfigurationPlatforms) = preSolution
		Debug|Any CPU = Debug|Any CPU
		Release|Any CPU = Release|Any CPU
	EndGlobalSection
	GlobalSection(SolutionProperties) = preSolution
		HideSolutionNode = FALSE
	EndGlobalSection
	GlobalSection(ProjectConfigurationPlatforms) = postSolution
		{A4741481-5808-451C-8429-EDE2D827A108}.Debug|Any CPU.ActiveCfg = Debug|Any CPU
		{A4741481-5808-451C-8429-EDE2D827A108}.Debug|Any CPU.Build.0 = Debug|Any CPU
		{A4741481-5808-451C-8429-EDE2D827A108}.Release|Any CPU.ActiveCfg = Release|Any CPU
		{A4741481-5808-451C-8429-EDE2D827A108}.Release|Any CPU.Build.0 = Release|Any CPU
		{7CED813F-0E26-4871-A206-0DA48059DA11}.Debug|Any CPU.ActiveCfg = Debug|Any CPU
		{7CED813F-0E26-4871-A206-0DA48059DA11}.Debug|Any CPU.Build.0 = Debug|Any CPU
		{7CED813F-0E26-4871-A206-0DA48059DA11}.Release|Any CPU.ActiveCfg = Release|Any CPU
		{7CED813F-0E26-4871-A206-0DA48059DA11}.Release|Any CPU.Build.0 = Release|Any CPU
		{EFEC53FA-5C05-4067-A19D-DB7BBA0C06AD}.Debug|Any CPU.ActiveCfg = Debug|Any CPU
		{EFEC53FA-5C05-4067-A19D-DB7BBA0C06AD}.Debug|Any CPU.Build.0 = Debug|Any CPU
		{EFEC53FA-5C05-4067-A19D-DB7BBA0C06AD}.Release|Any CPU.ActiveCfg = Release|Any CPU
		{EFEC53FA-5C05-4067-A19D-DB7BBA0C06AD}.Release|Any CPU.Build.0 = Release|Any CPU
		{D9955CE0-4111-4DDA-AD39-2357CC2F6BA7}.Debug|Any CPU.ActiveCfg = Debug|Any CPU
		{D9955CE0-4111-4DDA-AD39-2357CC2F6BA7}.Debug|Any CPU.Build.0 = Debug|Any CPU
		{D9955CE0-4111-4DDA-AD39-2357CC2F6BA7}.Release|Any CPU.ActiveCfg = Release|Any CPU
		{D9955CE0-4111-4DDA-AD39-2357CC2F6BA7}.Release|Any CPU.Build.0 = Release|Any CPU
	EndGlobalSection
EndGlobal
